<Solution>
  <Folder Name="/Solution Items/">
    <File Path="claude.md" />
    <File Path="Directory.Build.props" />
    <File Path="Specifications/coding-conventions.md" />
    <File Path="Specifications/identifier-names.md" />
  </Folder>
  <Project Path="Tellurian.Communications.Channels.Tests/Tellurian.Communications.Channels.Tests.csproj" />
  <Project Path="Tellurian.Communications.Channels/Tellurian.Communications.Channels.csproj" />
  <Project Path="Tellurian.Protocols.LocoNet.Tests/Tellurian.Protocols.LocoNet.Tests.csproj" />
  <Project Path="Tellurian.Protocols.LocoNet/Tellurian.Protocols.LocoNet.csproj" />
  <Project Path="Tellurian.Trains.Adapters.Z21.Tests/Tellurian.Trains.Adapters.Z21.Tests.csproj" />
  <Project Path="Tellurian.Trains.Adapters.Z21/Tellurian.Trains.Adapters.Z21.csproj" />
  <Project Path="Tellurian.Trains.Interfaces.Tests/Tellurian.Trains.Interfaces.Tests.csproj" />
  <Project Path="Tellurian.Trains.Interfaces/Tellurian.Trains.Interfaces.csproj" />
  <Project Path="Tellurian.Trains.Protocols.XpressNet.Tests/Tellurian.Trains.Protocols.XpressNet.Tests.csproj" />
  <Project Path="Tellurian.Trains.Protocols.XpressNet/Tellurian.Trains.Protocols.XpressNet.csproj" />
</Solution>
